{
  "projects": [
    {
      "projectId": "7nJ7UcFmq9UzB6eXfC5z4a",
      "version": "0.17.0",
      "dependencies": {},
      "lang": "js",
      "fileLocks": [
        {
          "assetId": "7nJ7UcFmq9UzB6eXfC5z4a",
          "type": "projectCss",
          "checksum": "05587b57f22f0ec8bb54543deb39762e"
        }
      ],
      "codegenVersion": "0.0.1"
    },
    {
      "projectId": "toir4xKH4aRMjXM9AUeVMJ",
      "version": "latest",
      "dependencies": {
        "7nJ7UcFmq9UzB6eXfC5z4a": "0.17.0",
        "YUiM7yqBWAqsh8KSnrdj7": "0.19.0",
        "84wxoth5npGrp6RRXPL88z": "4.16.0",
        "ohDidvG9XsCeFumugENU3J": "4.5.0"
      },
      "lang": "js",
      "fileLocks": [
        {
          "type": "globalVariant",
          "assetId": "7ks_1UnM646mq",
          "checksum": "eba71575622cf73dfe6404172f31bb69"
        },
        {
          "type": "renderModule",
          "assetId": "-NFrkmsG80gR",
          "checksum": "56e6633c28263eb3dda2ae7407ee037c"
        },
        {
          "type": "cssRules",
          "assetId": "-NFrkmsG80gR",
          "checksum": "56e6633c28263eb3dda2ae7407ee037c"
        },
        {
          "type": "renderModule",
          "assetId": "CzIKnLukEYe",
          "checksum": "3532788d98b04eae8109af20407eed87"
        },
        {
          "type": "cssRules",
          "assetId": "CzIKnLukEYe",
          "checksum": "3532788d98b04eae8109af20407eed87"
        },
        {
          "type": "renderModule",
          "assetId": "o842yoUQZA",
          "checksum": "d73a5e3df89723089cd2b75108bb5051"
        },
        {
          "type": "cssRules",
          "assetId": "o842yoUQZA",
          "checksum": "d73a5e3df89723089cd2b75108bb5051"
        },
        {
          "type": "icon",
          "assetId": "FQi4hgRb6pr",
          "checksum": "986385a0fbacb6f405f78fa0b34821d2"
        },
        {
          "type": "icon",
          "assetId": "cuk0qwaJBss",
          "checksum": "710354a8e01112e031b37bb556ab61fa"
        },
        {
          "type": "image",
          "assetId": "Hq7ppN9dP",
          "checksum": "fc874d92fdba28ca601216ca23d06797"
        },
        {
          "type": "image",
          "assetId": "zYiTn9rVH",
          "checksum": "27952d42c5e9f86e4249d6cf478d0399"
        },
        {
          "type": "image",
          "assetId": "-ij5mYOcX",
          "checksum": "6c63bc5a25e443e51cd922795996788f"
        },
        {
          "type": "image",
          "assetId": "eJIB0OQD7",
          "checksum": "089310c72ba12848fa8f796f7f55afcb"
        },
        {
          "type": "image",
          "assetId": "127lsLhox",
          "checksum": "1ba7df66258af1fccbc21e4c259ed11c"
        },
        {
          "type": "image",
          "assetId": "EwwrG-dK-",
          "checksum": "0d18768d21fa18b52a65f30d9ae03f53"
        },
        {
          "type": "image",
          "assetId": "PZb6jCg1d",
          "checksum": "8718d6e4c4c5a2edac41ec2bdf908c74"
        },
        {
          "type": "image",
          "assetId": "XqJZhr6En",
          "checksum": "7f41dd17c24ca84eba0f697061e8d2f2"
        },
        {
          "type": "image",
          "assetId": "Jl-mMEUQ5",
          "checksum": "e0dc11709cbfc2dba5336ecb15b1268e"
        },
        {
          "type": "image",
          "assetId": "eGP0Gc6hK",
          "checksum": "01b947d916d42cfa496adff7b8baa6f8"
        },
        {
          "type": "image",
          "assetId": "DzTGY8o_u",
          "checksum": "19a6593bc928c77a7288a61cc553378a"
        },
        {
          "type": "image",
          "assetId": "la10StmJ-",
          "checksum": "8919684c87daf56fa2ff308071b6e8d3"
        },
        {
          "type": "image",
          "assetId": "SaShsi3cf",
          "checksum": "b1a9e050f5abb1e61e13c050bcf01143"
        },
        {
          "type": "image",
          "assetId": "M_CpDDsxT",
          "checksum": "59a97035d2bf918935c888e431011912"
        },
        {
          "type": "image",
          "assetId": "SjKhegzPo",
          "checksum": "cde4a1b475fded1613da98bdfe5b19c3"
        },
        {
          "type": "image",
          "assetId": "VL0XLMtOu",
          "checksum": "1e5f734c124f4688ae61b87215f402e1"
        },
        {
          "type": "image",
          "assetId": "AhI8nzE_z",
          "checksum": "06ca27a251c46460274ccd4496de5926"
        },
        {
          "type": "image",
          "assetId": "OaJ8iBJA9",
          "checksum": "7f8836398e7041f9bea51ac06421faf2"
        },
        {
          "type": "image",
          "assetId": "g_aPlSAsg",
          "checksum": "e4b3f530b4d9abc1d6a13df537a4486f"
        },
        {
          "type": "image",
          "assetId": "VanZLCh7Q",
          "checksum": "44d497a19edfba6ae4d3aaef9a703ac8"
        },
        {
          "type": "image",
          "assetId": "RGKDvQR0h",
          "checksum": "3a386f347523d01fd28732fdf9d442e1"
        },
        {
          "type": "image",
          "assetId": "YGL78tURl",
          "checksum": "682cede7e7bcf509a2075b7f0522957b"
        },
        {
          "type": "image",
          "assetId": "rw2KSO6rh",
          "checksum": "08374c86855a80c4a3b0205818211223"
        },
        {
          "type": "image",
          "assetId": "DzvBQniNf",
          "checksum": "2aace7f609946f6a5f6a789305b679e5"
        },
        {
          "type": "image",
          "assetId": "7t7nTCBTG",
          "checksum": "31ea45b37e7c369f7ae0282bc7f1ca1d"
        },
        {
          "type": "image",
          "assetId": "NTlqluXgu",
          "checksum": "854bbcb6e0bdc24186d9764092055ff2"
        },
        {
          "type": "image",
          "assetId": "gwXHtFlPg",
          "checksum": "884dfeee1ca1fd6d1246a55ef2334b90"
        },
        {
          "type": "image",
          "assetId": "I9PPuApWk",
          "checksum": "a429813e331bea6e74ef046a7088d697"
        },
        {
          "type": "image",
          "assetId": "3NKERtvJw",
          "checksum": "8fe41b55ee7197e37e0fc41bc212502f"
        },
        {
          "type": "image",
          "assetId": "ltRLN4M9x",
          "checksum": "fb63ec7a8f57271c293728b3bdd04188"
        },
        {
          "type": "image",
          "assetId": "mCeT7PGnv",
          "checksum": "fb668ac0280f291561d44f1aa03b2c0c"
        },
        {
          "type": "image",
          "assetId": "uT7loZsTJ",
          "checksum": "5e53aafc0ca4a87dc91601672b1b0272"
        },
        {
          "type": "image",
          "assetId": "HexPQppTs",
          "checksum": "be8525a12033e2b0d1a42863489f11ab"
        },
        {
          "type": "image",
          "assetId": "fLnICaAkx",
          "checksum": "7667291289697842e669657cce2a897f"
        },
        {
          "type": "image",
          "assetId": "JsbTB20k1",
          "checksum": "64a3c69883906f0f19869fb4b6f15156"
        },
        {
          "type": "renderModule",
          "assetId": "mbxfJX-hy_g",
          "checksum": "1fb82c5a7dafbd26bb9f82009c9c406a"
        },
        {
          "type": "cssRules",
          "assetId": "mbxfJX-hy_g",
          "checksum": "1fb82c5a7dafbd26bb9f82009c9c406a"
        },
        {
          "type": "icon",
          "assetId": "ywguHQ4EDwa",
          "checksum": "d2c7c1edd968bcb5fd452dbfb0903c2e"
        },
        {
          "type": "image",
          "assetId": "8zAWwQ4Ru",
          "checksum": "1ceda4b16ef9cd716d2bfcad5e1928a3"
        },
        {
          "type": "image",
          "assetId": "617gpLiYL",
          "checksum": "afe7cd05edae807a2711a0b74addc8bb"
        },
        {
          "type": "image",
          "assetId": "eeVRw_bQK",
          "checksum": "482972f9b8dd5971ef26a1130cc1f9a9"
        },
        {
          "type": "image",
          "assetId": "gGzGr9G23",
          "checksum": "6a5a02c12166e9c4f547857a33f08dc1"
        },
        {
          "type": "image",
          "assetId": "VqkJICHUw",
          "checksum": "94fdb7dff07e6e5d09148155b831cd76"
        },
        {
          "type": "image",
          "assetId": "tWqr3duYV",
          "checksum": "21f8ba5f154d89a76e8adfabab00eba5"
        },
        {
          "type": "image",
          "assetId": "QWMaTlyJY",
          "checksum": "708bb09936f4afeb26acb8e6609a88c0"
        },
        {
          "type": "image",
          "assetId": "6jAtkof4R",
          "checksum": "10004b698615a326c42a916b3d8cb11e"
        },
        {
          "type": "image",
          "assetId": "Z9JJW8sno",
          "checksum": "9a4f637de17e143e1a03d0560db74aff"
        },
        {
          "type": "image",
          "assetId": "PoXJDvYnW",
          "checksum": "5173a4cc7e8218859be0a8db5b3a900e"
        },
        {
          "type": "image",
          "assetId": "a9mLmyOI1",
          "checksum": "3dfcc5270fd7b1004c536bf429d1b3db"
        },
        {
          "type": "image",
          "assetId": "pehGR7CeX",
          "checksum": "54bb957dc429d9e8de8945d93c6cdf20"
        },
        {
          "type": "image",
          "assetId": "czlxPqp1M",
          "checksum": "acf84591ca1ca32009eece71c0d8a76e"
        },
        {
          "assetId": "toir4xKH4aRMjXM9AUeVMJ",
          "checksum": "9df61ee17c27ef783f09ff772d8b9d39",
          "type": "globalContexts"
        },
        {
          "type": "renderModule",
          "assetId": "Ay49hDZCzV",
          "checksum": "2f1643e8c8cf7f6dc26c2a7b9b6cd571"
        },
        {
          "type": "cssRules",
          "assetId": "Ay49hDZCzV",
          "checksum": "2f1643e8c8cf7f6dc26c2a7b9b6cd571"
        },
        {
          "type": "renderModule",
          "assetId": "EDjZNNL20No",
          "checksum": "10d431ec8d9f4a3c70374823936c1284"
        },
        {
          "type": "cssRules",
          "assetId": "EDjZNNL20No",
          "checksum": "10d431ec8d9f4a3c70374823936c1284"
        },
        {
          "type": "renderModule",
          "assetId": "zuhTsWioEe9",
          "checksum": "0297e83998efc239062aff411ce71d35"
        },
        {
          "type": "cssRules",
          "assetId": "zuhTsWioEe9",
          "checksum": "0297e83998efc239062aff411ce71d35"
        },
        {
          "type": "renderModule",
          "assetId": "57lI524mrOk",
          "checksum": "34d971e7cdc8b86feac289bb9b702efe"
        },
        {
          "type": "cssRules",
          "assetId": "57lI524mrOk",
          "checksum": "34d971e7cdc8b86feac289bb9b702efe"
        },
        {
          "type": "renderModule",
          "assetId": "MzsSoHVPRoL",
          "checksum": "6ac5c336384036bc86aeed0f99c43475"
        },
        {
          "type": "cssRules",
          "assetId": "MzsSoHVPRoL",
          "checksum": "6ac5c336384036bc86aeed0f99c43475"
        },
        {
          "type": "renderModule",
          "assetId": "8Ewm66OXjQH",
          "checksum": "fcbc20aeca9d6ec182e1b82acb00f81d"
        },
        {
          "type": "cssRules",
          "assetId": "8Ewm66OXjQH",
          "checksum": "fcbc20aeca9d6ec182e1b82acb00f81d"
        },
        {
          "type": "image",
          "assetId": "M4falBKkI",
          "checksum": "fa18892def06080c0b821d90ebd3f251"
        },
        {
          "type": "image",
          "assetId": "ir2FNwpHm",
          "checksum": "ff8593fde3ed2eaf291c479fc948fb9e"
        },
        {
          "type": "image",
          "assetId": "ars-gLXcy",
          "checksum": "03eb0d5aa248530a55b7f109f442a4fd"
        },
        {
          "type": "image",
          "assetId": "xEnDCGCfk",
          "checksum": "e52b536dd2c981db64cba4cc69ab26d3"
        },
        {
          "type": "image",
          "assetId": "_dZle6hln",
          "checksum": "d9f00ba462460ec22f75814ab059c582"
        },
        {
          "type": "image",
          "assetId": "dibUVIBQ9",
          "checksum": "7ebcbb4125ae553a9fe5bc922dd45952"
        },
        {
          "type": "image",
          "assetId": "sh-ODOEW_",
          "checksum": "4d6d25440553e8f39bbecb28c1d8661c"
        },
        {
          "type": "image",
          "assetId": "OuXN6t6Z7",
          "checksum": "bcea9626b31d67d3986618e5881f1f67"
        },
        {
          "type": "image",
          "assetId": "PNzM3NFhW",
          "checksum": "62d0a1b027872cfa113874d61fa69688"
        },
        {
          "assetId": "toir4xKH4aRMjXM9AUeVMJ",
          "type": "projectCss",
          "checksum": "be9e2ed1c84875555097bb101791aa7e"
        }
      ],
      "codegenVersion": "0.0.1"
    },
    {
      "projectId": "84wxoth5npGrp6RRXPL88z",
      "version": "4.16.0",
      "dependencies": {},
      "lang": "js",
      "fileLocks": [
        {
          "assetId": "84wxoth5npGrp6RRXPL88z",
          "checksum": "9e5d7715fa73643035101a564f263924",
          "type": "globalContexts"
        },
        {
          "assetId": "84wxoth5npGrp6RRXPL88z",
          "type": "projectCss",
          "checksum": "d951314833b1846f4b7c384128792976"
        }
      ],
      "codegenVersion": "0.0.1"
    },
    {
      "projectId": "YUiM7yqBWAqsh8KSnrdj7",
      "version": "0.19.0",
      "dependencies": {},
      "lang": "js",
      "fileLocks": [
        {
          "assetId": "YUiM7yqBWAqsh8KSnrdj7",
          "type": "projectCss",
          "checksum": "dac72600b04b6e6a3014e82512a15fe1"
        }
      ],
      "codegenVersion": "0.0.1"
    },
    {
      "projectId": "ohDidvG9XsCeFumugENU3J",
      "version": "4.5.0",
      "dependencies": {},
      "lang": "js",
      "fileLocks": [
        {
          "assetId": "ohDidvG9XsCeFumugENU3J",
          "type": "projectCss",
          "checksum": "fd83b730367fdbde2c69bc6cf31c2a3c"
        },
        {
          "assetId": "ohDidvG9XsCeFumugENU3J",
          "checksum": "8f45a75070e2f0edc34a4dc3d5f6b736",
          "type": "globalContexts"
        }
      ],
      "codegenVersion": "0.0.1"
    }
  ],
  "cliVersion": "0.1.250"
}
